
Microsoft Visual Studio Solution File, Format Version 12.00
# Visual Studio Version 16
VisualStudioVersion = 16.0.30611.23
MinimumVisualStudioVersion = 10.0.40219.1
Project("{FAE04EC0-301F-11D3-BF4B-00C04F79EFBC}") = "AngularE-Commerce", "AngularE-Commerce\AngularE-Commerce.csproj", "{E3F6C146-636A-4264-A278-221C2F6E489A}"
EndProject
Project("{FAE04EC0-301F-11D3-BF4B-00C04F79EFBC}") = "API.Core", "API.Core\API.Core.csproj", "{CE064A4D-FE50-4CDE-83C6-87C8495298ED}"
EndProject
Project("{FAE04EC0-301F-11D3-BF4B-00C04F79EFBC}") = "API.Infrastructure", "API.Infrastructure\API.Infrastructure.csproj", "{FBA10D2B-106D-40C0-AF3B-9B203E99FCC8}"
EndProject
Global
	GlobalSection(SolutionConfigurationPlatforms) = preSolution
		Debug|Any CPU = Debug|Any CPU
		Release|Any CPU = Release|Any CPU
	EndGlobalSection
	GlobalSection(ProjectConfigurationPlatforms) = postSolution
		{E3F6C146-636A-4264-A278-221C2F6E489A}.Debug|Any CPU.ActiveCfg = Debug|Any CPU
		{E3F6C146-636A-4264-A278-221C2F6E489A}.Debug|Any CPU.Build.0 = Debug|Any CPU
		{E3F6C146-636A-4264-A278-221C2F6E489A}.Release|Any CPU.ActiveCfg = Release|Any CPU
		{E3F6C146-636A-4264-A278-221C2F6E489A}.Release|Any CPU.Build.0 = Release|Any CPU
		{CE064A4D-FE50-4CDE-83C6-87C8495298ED}.Debug|Any CPU.ActiveCfg = Debug|Any CPU
		{CE064A4D-FE50-4CDE-83C6-87C8495298ED}.Debug|Any CPU.Build.0 = Debug|Any CPU
		{CE064A4D-FE50-4CDE-83C6-87C8495298ED}.Release|Any CPU.ActiveCfg = Release|Any CPU
		{CE064A4D-FE50-4CDE-83C6-87C8495298ED}.Release|Any CPU.Build.0 = Release|Any CPU
		{FBA10D2B-106D-40C0-AF3B-9B203E99FCC8}.Debug|Any CPU.ActiveCfg = Debug|Any CPU
		{FBA10D2B-106D-40C0-AF3B-9B203E99FCC8}.Debug|Any CPU.Build.0 = Debug|Any CPU
		{FBA10D2B-106D-40C0-AF3B-9B203E99FCC8}.Release|Any CPU.ActiveCfg = Release|Any CPU
		{FBA10D2B-106D-40C0-AF3B-9B203E99FCC8}.Release|Any CPU.Build.0 = Release|Any CPU
	EndGlobalSection
	GlobalSection(SolutionProperties) = preSolution
		HideSolutionNode = FALSE
	EndGlobalSection
	GlobalSection(ExtensibilityGlobals) = postSolution
		SolutionGuid = {D7AB3B8C-2468-41C2-BD33-0D875A94EE0C}
	EndGlobalSection
EndGlobal
